
Microsoft Visual Studio Solution File, Format Version 12.00
# Visual Studio Version 16
VisualStudioVersion = 16.0.30717.126
MinimumVisualStudioVersion = 10.0.40219.1
Project("{2150E333-8FDC-42A3-9474-1A3956D46DE8}") = "cs", "cs", "{B2641628-5A13-4B3D-8B4A-0A05EC59EC56}"
EndProject
Project("{2150E333-8FDC-42A3-9474-1A3956D46DE8}") = "cpp", "cpp", "{A7D49EEC-2480-42B3-B532-30D46855FF15}"
EndProject
Project("{2150E333-8FDC-42A3-9474-1A3956D46DE8}") = "Task1", "Task1", "{E709D617-239C-4F71-A622-20CD102D6632}"
EndProject
Project("{2150E333-8FDC-42A3-9474-1A3956D46DE8}") = "Task2", "Task2", "{D6795B58-2C4F-411E-90BF-5535203B1E78}"
EndProject
Project("{2150E333-8FDC-42A3-9474-1A3956D46DE8}") = "cpp", "cpp", "{41588BF5-DE79-4455-A63B-BA13E826000D}"
EndProject
Project("{2150E333-8FDC-42A3-9474-1A3956D46DE8}") = "cs", "cs", "{FADF54E6-ABDE-41EE-8B2B-7573D2CAD279}"
EndProject
Project("{FAE04EC0-301F-11D3-BF4B-00C04F79EFBC}") = "Task1_cs", "Test1_cs\Task1_cs.csproj", "{718EED02-100F-44AB-9C3E-DF88F2B559D8}"
EndProject
Project("{FAE04EC0-301F-11D3-BF4B-00C04F79EFBC}") = "UnitTestIndexer", "UnitTestIndexer\UnitTestIndexer.csproj", "{507825C9-A1CF-4853-8512-F926ED6534C4}"
EndProject
Project("{FAE04EC0-301F-11D3-BF4B-00C04F79EFBC}") = "Task2_cs", "Task2_cs\Task2_cs.csproj", "{EB67E32D-7D18-4EA7-A774-B01B415C8FD2}"
EndProject
Project("{FAE04EC0-301F-11D3-BF4B-00C04F79EFBC}") = "UnitTestLinearEquation", "UnitTestLinearEquation\UnitTestLinearEquation.csproj", "{71EF6A06-1395-4D07-9F4D-22D439FC37AB}"
EndProject
Project("{FAE04EC0-301F-11D3-BF4B-00C04F79EFBC}") = "UnitTestSystemOfLinearEquation", "UnitTestSystemOfLinearEquation\UnitTestSystemOfLinearEquation.csproj", "{19A05807-E37B-45A8-84A8-0BADAE10FFC9}"
EndProject
Project("{8BC9CEB8-8B4A-11D0-8D11-00A0C91BC942}") = "Task1_cpp", "Task1_cpp\Task1_cpp.vcxproj", "{5D1C9A7B-C837-416C-B783-4801ECDAE54D}"
EndProject
Project("{8BC9CEB8-8B4A-11D0-8D11-00A0C91BC942}") = "Task2_cpp", "Task2_cpp\Task2_cpp.vcxproj", "{0DF5F72B-FEC1-4C49-8A4D-9C850E05A14D}"
EndProject
Project("{8BC9CEB8-8B4A-11D0-8D11-00A0C91BC942}") = "UnitTestIndexer_cpp", "UnitTestIndexer_cpp\UnitTestIndexer_cpp.vcxproj", "{470D3ACC-2FFA-469D-9617-AE1AF6737EA1}"
EndProject
Project("{8BC9CEB8-8B4A-11D0-8D11-00A0C91BC942}") = "UnitTestSystemOfLinearEquation_cpp", "UnitTestSystemOfLinearEquation_css\UnitTestSystemOfLinearEquation_css.vcxproj", "{CE6EB91F-348A-46F2-A3A8-DD3AEB0B9374}"
EndProject
Project("{8BC9CEB8-8B4A-11D0-8D11-00A0C91BC942}") = "UnitTestLinearEquationCpp", "UnitTestLinearEquationCpp\UnitTestLinearEquationCpp.vcxproj", "{5FFEF4D1-81B4-4371-B76F-2E48D0458637}"
EndProject
Global
	GlobalSection(SolutionConfigurationPlatforms) = preSolution
		Debug|Any CPU = Debug|Any CPU
		Debug|x64 = Debug|x64
		Debug|x86 = Debug|x86
		Release|Any CPU = Release|Any CPU
		Release|x64 = Release|x64
		Release|x86 = Release|x86
	EndGlobalSection
	GlobalSection(ProjectConfigurationPlatforms) = postSolution
		{718EED02-100F-44AB-9C3E-DF88F2B559D8}.Debug|Any CPU.ActiveCfg = Debug|Any CPU
		{718EED02-100F-44AB-9C3E-DF88F2B559D8}.Debug|Any CPU.Build.0 = Debug|Any CPU
		{718EED02-100F-44AB-9C3E-DF88F2B559D8}.Debug|x64.ActiveCfg = Debug|Any CPU
		{718EED02-100F-44AB-9C3E-DF88F2B559D8}.Debug|x64.Build.0 = Debug|Any CPU
		{718EED02-100F-44AB-9C3E-DF88F2B559D8}.Debug|x86.ActiveCfg = Debug|Any CPU
		{718EED02-100F-44AB-9C3E-DF88F2B559D8}.Debug|x86.Build.0 = Debug|Any CPU
		{718EED02-100F-44AB-9C3E-DF88F2B559D8}.Release|Any CPU.ActiveCfg = Release|Any CPU
		{718EED02-100F-44AB-9C3E-DF88F2B559D8}.Release|Any CPU.Build.0 = Release|Any CPU
		{718EED02-100F-44AB-9C3E-DF88F2B559D8}.Release|x64.ActiveCfg = Release|Any CPU
		{718EED02-100F-44AB-9C3E-DF88F2B559D8}.Release|x64.Build.0 = Release|Any CPU
		{718EED02-100F-44AB-9C3E-DF88F2B559D8}.Release|x86.ActiveCfg = Release|Any CPU
		{718EED02-100F-44AB-9C3E-DF88F2B559D8}.Release|x86.Build.0 = Release|Any CPU
		{507825C9-A1CF-4853-8512-F926ED6534C4}.Debug|Any CPU.ActiveCfg = Debug|Any CPU
		{507825C9-A1CF-4853-8512-F926ED6534C4}.Debug|Any CPU.Build.0 = Debug|Any CPU
		{507825C9-A1CF-4853-8512-F926ED6534C4}.Debug|x64.ActiveCfg = Debug|Any CPU
		{507825C9-A1CF-4853-8512-F926ED6534C4}.Debug|x64.Build.0 = Debug|Any CPU
		{507825C9-A1CF-4853-8512-F926ED6534C4}.Debug|x86.ActiveCfg = Debug|Any CPU
		{507825C9-A1CF-4853-8512-F926ED6534C4}.Debug|x86.Build.0 = Debug|Any CPU
		{507825C9-A1CF-4853-8512-F926ED6534C4}.Release|Any CPU.ActiveCfg = Release|Any CPU
		{507825C9-A1CF-4853-8512-F926ED6534C4}.Release|Any CPU.Build.0 = Release|Any CPU
		{507825C9-A1CF-4853-8512-F926ED6534C4}.Release|x64.ActiveCfg = Release|Any CPU
		{507825C9-A1CF-4853-8512-F926ED6534C4}.Release|x64.Build.0 = Release|Any CPU
		{507825C9-A1CF-4853-8512-F926ED6534C4}.Release|x86.ActiveCfg = Release|Any CPU
		{507825C9-A1CF-4853-8512-F926ED6534C4}.Release|x86.Build.0 = Release|Any CPU
		{EB67E32D-7D18-4EA7-A774-B01B415C8FD2}.Debug|Any CPU.ActiveCfg = Debug|Any CPU
		{EB67E32D-7D18-4EA7-A774-B01B415C8FD2}.Debug|Any CPU.Build.0 = Debug|Any CPU
		{EB67E32D-7D18-4EA7-A774-B01B415C8FD2}.Debug|x64.ActiveCfg = Debug|Any CPU
		{EB67E32D-7D18-4EA7-A774-B01B415C8FD2}.Debug|x64.Build.0 = Debug|Any CPU
		{EB67E32D-7D18-4EA7-A774-B01B415C8FD2}.Debug|x86.ActiveCfg = Debug|Any CPU
		{EB67E32D-7D18-4EA7-A774-B01B415C8FD2}.Debug|x86.Build.0 = Debug|Any CPU
		{EB67E32D-7D18-4EA7-A774-B01B415C8FD2}.Release|Any CPU.ActiveCfg = Release|Any CPU
		{EB67E32D-7D18-4EA7-A774-B01B415C8FD2}.Release|Any CPU.Build.0 = Release|Any CPU
		{EB67E32D-7D18-4EA7-A774-B01B415C8FD2}.Release|x64.ActiveCfg = Release|Any CPU
		{EB67E32D-7D18-4EA7-A774-B01B415C8FD2}.Release|x64.Build.0 = Release|Any CPU
		{EB67E32D-7D18-4EA7-A774-B01B415C8FD2}.Release|x86.ActiveCfg = Release|Any CPU
		{EB67E32D-7D18-4EA7-A774-B01B415C8FD2}.Release|x86.Build.0 = Release|Any CPU
		{71EF6A06-1395-4D07-9F4D-22D439FC37AB}.Debug|Any CPU.ActiveCfg = Debug|Any CPU
		{71EF6A06-1395-4D07-9F4D-22D439FC37AB}.Debug|Any CPU.Build.0 = Debug|Any CPU
		{71EF6A06-1395-4D07-9F4D-22D439FC37AB}.Debug|x64.ActiveCfg = Debug|Any CPU
		{71EF6A06-1395-4D07-9F4D-22D439FC37AB}.Debug|x64.Build.0 = Debug|Any CPU
		{71EF6A06-1395-4D07-9F4D-22D439FC37AB}.Debug|x86.ActiveCfg = Debug|Any CPU
		{71EF6A06-1395-4D07-9F4D-22D439FC37AB}.Debug|x86.Build.0 = Debug|Any CPU
		{71EF6A06-1395-4D07-9F4D-22D439FC37AB}.Release|Any CPU.ActiveCfg = Release|Any CPU
		{71EF6A06-1395-4D07-9F4D-22D439FC37AB}.Release|Any CPU.Build.0 = Release|Any CPU
		{71EF6A06-1395-4D07-9F4D-22D439FC37AB}.Release|x64.ActiveCfg = Release|Any CPU
		{71EF6A06-1395-4D07-9F4D-22D439FC37AB}.Release|x64.Build.0 = Release|Any CPU
		{71EF6A06-1395-4D07-9F4D-22D439FC37AB}.Release|x86.ActiveCfg = Release|Any CPU
		{71EF6A06-1395-4D07-9F4D-22D439FC37AB}.Release|x86.Build.0 = Release|Any CPU
		{19A05807-E37B-45A8-84A8-0BADAE10FFC9}.Debug|Any CPU.ActiveCfg = Debug|Any CPU
		{19A05807-E37B-45A8-84A8-0BADAE10FFC9}.Debug|Any CPU.Build.0 = Debug|Any CPU
		{19A05807-E37B-45A8-84A8-0BADAE10FFC9}.Debug|x64.ActiveCfg = Debug|Any CPU
		{19A05807-E37B-45A8-84A8-0BADAE10FFC9}.Debug|x64.Build.0 = Debug|Any CPU
		{19A05807-E37B-45A8-84A8-0BADAE10FFC9}.Debug|x86.ActiveCfg = Debug|Any CPU
		{19A05807-E37B-45A8-84A8-0BADAE10FFC9}.Debug|x86.Build.0 = Debug|Any CPU
		{19A05807-E37B-45A8-84A8-0BADAE10FFC9}.Release|Any CPU.ActiveCfg = Release|Any CPU
		{19A05807-E37B-45A8-84A8-0BADAE10FFC9}.Release|Any CPU.Build.0 = Release|Any CPU
		{19A05807-E37B-45A8-84A8-0BADAE10FFC9}.Release|x64.ActiveCfg = Release|Any CPU
		{19A05807-E37B-45A8-84A8-0BADAE10FFC9}.Release|x64.Build.0 = Release|Any CPU
		{19A05807-E37B-45A8-84A8-0BADAE10FFC9}.Release|x86.ActiveCfg = Release|Any CPU
		{19A05807-E37B-45A8-84A8-0BADAE10FFC9}.Release|x86.Build.0 = Release|Any CPU
		{5D1C9A7B-C837-416C-B783-4801ECDAE54D}.Debug|Any CPU.ActiveCfg = Debug|Win32
		{5D1C9A7B-C837-416C-B783-4801ECDAE54D}.Debug|x64.ActiveCfg = Debug|x64
		{5D1C9A7B-C837-416C-B783-4801ECDAE54D}.Debug|x64.Build.0 = Debug|x64
		{5D1C9A7B-C837-416C-B783-4801ECDAE54D}.Debug|x86.ActiveCfg = Debug|Win32
		{5D1C9A7B-C837-416C-B783-4801ECDAE54D}.Debug|x86.Build.0 = Debug|Win32
		{5D1C9A7B-C837-416C-B783-4801ECDAE54D}.Release|Any CPU.ActiveCfg = Release|Win32
		{5D1C9A7B-C837-416C-B783-4801ECDAE54D}.Release|x64.ActiveCfg = Release|x64
		{5D1C9A7B-C837-416C-B783-4801ECDAE54D}.Release|x64.Build.0 = Release|x64
		{5D1C9A7B-C837-416C-B783-4801ECDAE54D}.Release|x86.ActiveCfg = Release|Win32
		{5D1C9A7B-C837-416C-B783-4801ECDAE54D}.Release|x86.Build.0 = Release|Win32
		{0DF5F72B-FEC1-4C49-8A4D-9C850E05A14D}.Debug|Any CPU.ActiveCfg = Debug|Win32
		{0DF5F72B-FEC1-4C49-8A4D-9C850E05A14D}.Debug|x64.ActiveCfg = Debug|x64
		{0DF5F72B-FEC1-4C49-8A4D-9C850E05A14D}.Debug|x64.Build.0 = Debug|x64
		{0DF5F72B-FEC1-4C49-8A4D-9C850E05A14D}.Debug|x86.ActiveCfg = Debug|Win32
		{0DF5F72B-FEC1-4C49-8A4D-9C850E05A14D}.Debug|x86.Build.0 = Debug|Win32
		{0DF5F72B-FEC1-4C49-8A4D-9C850E05A14D}.Release|Any CPU.ActiveCfg = Release|Win32
		{0DF5F72B-FEC1-4C49-8A4D-9C850E05A14D}.Release|x64.ActiveCfg = Release|x64
		{0DF5F72B-FEC1-4C49-8A4D-9C850E05A14D}.Release|x64.Build.0 = Release|x64
		{0DF5F72B-FEC1-4C49-8A4D-9C850E05A14D}.Release|x86.ActiveCfg = Release|Win32
		{0DF5F72B-FEC1-4C49-8A4D-9C850E05A14D}.Release|x86.Build.0 = Release|Win32
		{470D3ACC-2FFA-469D-9617-AE1AF6737EA1}.Debug|Any CPU.ActiveCfg = Debug|Win32
		{470D3ACC-2FFA-469D-9617-AE1AF6737EA1}.Debug|x64.ActiveCfg = Debug|x64
		{470D3ACC-2FFA-469D-9617-AE1AF6737EA1}.Debug|x64.Build.0 = Debug|x64
		{470D3ACC-2FFA-469D-9617-AE1AF6737EA1}.Debug|x86.ActiveCfg = Debug|Win32
		{470D3ACC-2FFA-469D-9617-AE1AF6737EA1}.Debug|x86.Build.0 = Debug|Win32
		{470D3ACC-2FFA-469D-9617-AE1AF6737EA1}.Release|Any CPU.ActiveCfg = Release|Win32
		{470D3ACC-2FFA-469D-9617-AE1AF6737EA1}.Release|x64.ActiveCfg = Release|x64
		{470D3ACC-2FFA-469D-9617-AE1AF6737EA1}.Release|x64.Build.0 = Release|x64
		{470D3ACC-2FFA-469D-9617-AE1AF6737EA1}.Release|x86.ActiveCfg = Release|Win32
		{470D3ACC-2FFA-469D-9617-AE1AF6737EA1}.Release|x86.Build.0 = Release|Win32
		{CE6EB91F-348A-46F2-A3A8-DD3AEB0B9374}.Debug|Any CPU.ActiveCfg = Debug|Win32
		{CE6EB91F-348A-46F2-A3A8-DD3AEB0B9374}.Debug|x64.ActiveCfg = Debug|x64
		{CE6EB91F-348A-46F2-A3A8-DD3AEB0B9374}.Debug|x64.Build.0 = Debug|x64
		{CE6EB91F-348A-46F2-A3A8-DD3AEB0B9374}.Debug|x86.ActiveCfg = Debug|Win32
		{CE6EB91F-348A-46F2-A3A8-DD3AEB0B9374}.Debug|x86.Build.0 = Debug|Win32
		{CE6EB91F-348A-46F2-A3A8-DD3AEB0B9374}.Release|Any CPU.ActiveCfg = Release|Win32
		{CE6EB91F-348A-46F2-A3A8-DD3AEB0B9374}.Release|x64.ActiveCfg = Release|x64
		{CE6EB91F-348A-46F2-A3A8-DD3AEB0B9374}.Release|x64.Build.0 = Release|x64
		{CE6EB91F-348A-46F2-A3A8-DD3AEB0B9374}.Release|x86.ActiveCfg = Release|Win32
		{CE6EB91F-348A-46F2-A3A8-DD3AEB0B9374}.Release|x86.Build.0 = Release|Win32
		{5FFEF4D1-81B4-4371-B76F-2E48D0458637}.Debug|Any CPU.ActiveCfg = Debug|Win32
		{5FFEF4D1-81B4-4371-B76F-2E48D0458637}.Debug|x64.ActiveCfg = Debug|x64
		{5FFEF4D1-81B4-4371-B76F-2E48D0458637}.Debug|x64.Build.0 = Debug|x64
		{5FFEF4D1-81B4-4371-B76F-2E48D0458637}.Debug|x86.ActiveCfg = Debug|Win32
		{5FFEF4D1-81B4-4371-B76F-2E48D0458637}.Debug|x86.Build.0 = Debug|Win32
		{5FFEF4D1-81B4-4371-B76F-2E48D0458637}.Release|Any CPU.ActiveCfg = Release|Win32
		{5FFEF4D1-81B4-4371-B76F-2E48D0458637}.Release|x64.ActiveCfg = Release|x64
		{5FFEF4D1-81B4-4371-B76F-2E48D0458637}.Release|x64.Build.0 = Release|x64
		{5FFEF4D1-81B4-4371-B76F-2E48D0458637}.Release|x86.ActiveCfg = Release|Win32
		{5FFEF4D1-81B4-4371-B76F-2E48D0458637}.Release|x86.Build.0 = Release|Win32
	EndGlobalSection
	GlobalSection(SolutionProperties) = preSolution
		HideSolutionNode = FALSE
	EndGlobalSection
	GlobalSection(NestedProjects) = preSolution
		{B2641628-5A13-4B3D-8B4A-0A05EC59EC56} = {E709D617-239C-4F71-A622-20CD102D6632}
		{A7D49EEC-2480-42B3-B532-30D46855FF15} = {E709D617-239C-4F71-A622-20CD102D6632}
		{41588BF5-DE79-4455-A63B-BA13E826000D} = {D6795B58-2C4F-411E-90BF-5535203B1E78}
		{FADF54E6-ABDE-41EE-8B2B-7573D2CAD279} = {D6795B58-2C4F-411E-90BF-5535203B1E78}
		{718EED02-100F-44AB-9C3E-DF88F2B559D8} = {B2641628-5A13-4B3D-8B4A-0A05EC59EC56}
		{507825C9-A1CF-4853-8512-F926ED6534C4} = {B2641628-5A13-4B3D-8B4A-0A05EC59EC56}
		{EB67E32D-7D18-4EA7-A774-B01B415C8FD2} = {FADF54E6-ABDE-41EE-8B2B-7573D2CAD279}
		{71EF6A06-1395-4D07-9F4D-22D439FC37AB} = {FADF54E6-ABDE-41EE-8B2B-7573D2CAD279}
		{19A05807-E37B-45A8-84A8-0BADAE10FFC9} = {FADF54E6-ABDE-41EE-8B2B-7573D2CAD279}
		{5D1C9A7B-C837-416C-B783-4801ECDAE54D} = {A7D49EEC-2480-42B3-B532-30D46855FF15}
		{0DF5F72B-FEC1-4C49-8A4D-9C850E05A14D} = {41588BF5-DE79-4455-A63B-BA13E826000D}
		{470D3ACC-2FFA-469D-9617-AE1AF6737EA1} = {A7D49EEC-2480-42B3-B532-30D46855FF15}
		{CE6EB91F-348A-46F2-A3A8-DD3AEB0B9374} = {41588BF5-DE79-4455-A63B-BA13E826000D}
		{5FFEF4D1-81B4-4371-B76F-2E48D0458637} = {41588BF5-DE79-4455-A63B-BA13E826000D}
	EndGlobalSection
	GlobalSection(ExtensibilityGlobals) = postSolution
		SolutionGuid = {2E89F043-5E9D-4D0D-A797-F35AE28FFDD7}
	EndGlobalSection
EndGlobal
